
Microsoft Visual Studio Solution File, Format Version 12.00
Project("{FAE04EC0-301F-11D3-BF4B-00C04F79EFBC}") = "LearningC_Unity", "LearningC_Unity\LearningC_Unity.csproj", "{70B0EA03-268D-4A5D-A1AE-B06FD6B73535}"
EndProject
Global
	GlobalSection(SolutionConfigurationPlatforms) = preSolution
		Debug|Any CPU = Debug|Any CPU
		Release|Any CPU = Release|Any CPU
	EndGlobalSection
	GlobalSection(ProjectConfigurationPlatforms) = postSolution
		{70B0EA03-268D-4A5D-A1AE-B06FD6B73535}.Debug|Any CPU.ActiveCfg = Debug|Any CPU
		{70B0EA03-268D-4A5D-A1AE-B06FD6B73535}.Debug|Any CPU.Build.0 = Debug|Any CPU
		{70B0EA03-268D-4A5D-A1AE-B06FD6B73535}.Release|Any CPU.ActiveCfg = Release|Any CPU
		{70B0EA03-268D-4A5D-A1AE-B06FD6B73535}.Release|Any CPU.Build.0 = Release|Any CPU
	EndGlobalSection
EndGlobal
